
Microsoft Visual Studio Solution File, Format Version 12.00
# Visual Studio Version 16
VisualStudioVersion = 16.0.31402.337
MinimumVisualStudioVersion = 10.0.40219.1
Project("{FAE04EC0-301F-11D3-BF4B-00C04F79EFBC}") = "4Exercicio2", "4Exercicio2\4Exercicio2.csproj", "{F2FC01E9-6AC5-4724-AD6F-80E4A7984198}"
EndProject
Global
	GlobalSection(SolutionConfigurationPlatforms) = preSolution
		Debug|Any CPU = Debug|Any CPU
		Release|Any CPU = Release|Any CPU
	EndGlobalSection
	GlobalSection(ProjectConfigurationPlatforms) = postSolution
		{F2FC01E9-6AC5-4724-AD6F-80E4A7984198}.Debug|Any CPU.ActiveCfg = Debug|Any CPU
		{F2FC01E9-6AC5-4724-AD6F-80E4A7984198}.Debug|Any CPU.Build.0 = Debug|Any CPU
		{F2FC01E9-6AC5-4724-AD6F-80E4A7984198}.Release|Any CPU.ActiveCfg = Release|Any CPU
		{F2FC01E9-6AC5-4724-AD6F-80E4A7984198}.Release|Any CPU.Build.0 = Release|Any CPU
	EndGlobalSection
	GlobalSection(SolutionProperties) = preSolution
		HideSolutionNode = FALSE
	EndGlobalSection
	GlobalSection(ExtensibilityGlobals) = postSolution
		SolutionGuid = {8A1DFBEB-AB46-4730-A8D1-6B579A2A03C1}
	EndGlobalSection
EndGlobal
