
Microsoft Visual Studio Solution File, Format Version 12.00
# Visual Studio Version 16
VisualStudioVersion = 16.0.31402.337
MinimumVisualStudioVersion = 10.0.40219.1
Project("{FAE04EC0-301F-11D3-BF4B-00C04F79EFBC}") = "Segundo", "Segundo\Segundo.csproj", "{1B7E5D2C-FBCF-436D-A208-D6696CEB543E}"
EndProject
Global
	GlobalSection(SolutionConfigurationPlatforms) = preSolution
		Debug|Any CPU = Debug|Any CPU
		Release|Any CPU = Release|Any CPU
	EndGlobalSection
	GlobalSection(ProjectConfigurationPlatforms) = postSolution
		{1B7E5D2C-FBCF-436D-A208-D6696CEB543E}.Debug|Any CPU.ActiveCfg = Debug|Any CPU
		{1B7E5D2C-FBCF-436D-A208-D6696CEB543E}.Debug|Any CPU.Build.0 = Debug|Any CPU
		{1B7E5D2C-FBCF-436D-A208-D6696CEB543E}.Release|Any CPU.ActiveCfg = Release|Any CPU
		{1B7E5D2C-FBCF-436D-A208-D6696CEB543E}.Release|Any CPU.Build.0 = Release|Any CPU
	EndGlobalSection
	GlobalSection(SolutionProperties) = preSolution
		HideSolutionNode = FALSE
	EndGlobalSection
	GlobalSection(ExtensibilityGlobals) = postSolution
		SolutionGuid = {5334F8BE-671C-46D2-A6E6-C83F0AC372DA}
	EndGlobalSection
EndGlobal
